# THIS IS AN AUTOGENERATED FILE. DO NOT EDIT THIS FILE DIRECTLY.
# yarn lockfile v1


"@lifaon/rx-js-light@^1.0.0-beta.1":
  version "1.0.0-beta.1"
  resolved "https://registry.yarnpkg.com/@lifaon/rx-js-light/-/rx-js-light-1.0.0-beta.1.tgz#647c5df49e8f9596f12189e35aaa17ad280bfcce"
  integrity sha512-1Q5rZIOmP4iE6EFHAGwXBJ1dL81RYVW3YymE+8WwC9JvUAEsdt0VGqPdY2RC35P++Yq8jbY7V/mWBSNk2VGeDw==
