# THIS IS AN AUTOGENERATED FILE. DO NOT EDIT THIS FILE DIRECTLY.
# yarn lockfile v1


"@lifaon/rx-js-light@1.2.1":
  version "1.2.1"
  resolved "https://registry.yarnpkg.com/@lifaon/rx-js-light/-/rx-js-light-1.2.1.tgz#46cadf09acb6ce7553ba2446ff93ca4417c2fde1"
  integrity sha512-FOqYmd/R5ScOBlEPS3blI3q9KGBn9duEIHj0Ns2+kCVBhGap4lv61MWSwNbeYVGjOsFxhJoRgqVmX+sMBo8j0Q==
